
Microsoft Visual Studio Solution File, Format Version 12.00
# Visual Studio Version 17
VisualStudioVersion = 17.8.34408.163
MinimumVisualStudioVersion = 10.0.40219.1
Project("{FAE04EC0-301F-11D3-BF4B-00C04F79EFBC}") = "Day01", "Day01\Day01.csproj", "{06E6F080-AF26-427B-BFCA-8EB2281E5EB7}"
EndProject
Project("{FAE04EC0-301F-11D3-BF4B-00C04F79EFBC}") = "AdvC#_Day01_Task", "AdvC#_Day01_Task\AdvC#_Day01_Task.csproj", "{E3646A37-A6EC-40BB-8E65-D12B04D65748}"
EndProject
Global
	GlobalSection(SolutionConfigurationPlatforms) = preSolution
		Debug|Any CPU = Debug|Any CPU
		Release|Any CPU = Release|Any CPU
	EndGlobalSection
	GlobalSection(ProjectConfigurationPlatforms) = postSolution
		{06E6F080-AF26-427B-BFCA-8EB2281E5EB7}.Debug|Any CPU.ActiveCfg = Debug|Any CPU
		{06E6F080-AF26-427B-BFCA-8EB2281E5EB7}.Debug|Any CPU.Build.0 = Debug|Any CPU
		{06E6F080-AF26-427B-BFCA-8EB2281E5EB7}.Release|Any CPU.ActiveCfg = Release|Any CPU
		{06E6F080-AF26-427B-BFCA-8EB2281E5EB7}.Release|Any CPU.Build.0 = Release|Any CPU
		{E3646A37-A6EC-40BB-8E65-D12B04D65748}.Debug|Any CPU.ActiveCfg = Debug|Any CPU
		{E3646A37-A6EC-40BB-8E65-D12B04D65748}.Debug|Any CPU.Build.0 = Debug|Any CPU
		{E3646A37-A6EC-40BB-8E65-D12B04D65748}.Release|Any CPU.ActiveCfg = Release|Any CPU
		{E3646A37-A6EC-40BB-8E65-D12B04D65748}.Release|Any CPU.Build.0 = Release|Any CPU
	EndGlobalSection
	GlobalSection(SolutionProperties) = preSolution
		HideSolutionNode = FALSE
	EndGlobalSection
	GlobalSection(ExtensibilityGlobals) = postSolution
		SolutionGuid = {4A4EBFD3-8FE9-4234-8FCB-4559FF616660}
	EndGlobalSection
EndGlobal
