
Microsoft Visual Studio Solution File, Format Version 12.00
# Visual Studio Version 17
VisualStudioVersion = 17.13.35931.197 d17.13
MinimumVisualStudioVersion = 10.0.40219.1
Project("{FAE04EC0-301F-11D3-BF4B-00C04F79EFBC}") = "LINQR3DotNetMNFD02", "LINQR3DotNetMNFD02\LINQR3DotNetMNFD02.csproj", "{67372853-BEEB-469E-8841-E00EA03B747E}"
EndProject
Global
	GlobalSection(SolutionConfigurationPlatforms) = preSolution
		Debug|Any CPU = Debug|Any CPU
		Release|Any CPU = Release|Any CPU
	EndGlobalSection
	GlobalSection(ProjectConfigurationPlatforms) = postSolution
		{67372853-BEEB-469E-8841-E00EA03B747E}.Debug|Any CPU.ActiveCfg = Debug|Any CPU
		{67372853-BEEB-469E-8841-E00EA03B747E}.Debug|Any CPU.Build.0 = Debug|Any CPU
		{67372853-BEEB-469E-8841-E00EA03B747E}.Release|Any CPU.ActiveCfg = Release|Any CPU
		{67372853-BEEB-469E-8841-E00EA03B747E}.Release|Any CPU.Build.0 = Release|Any CPU
	EndGlobalSection
	GlobalSection(SolutionProperties) = preSolution
		HideSolutionNode = FALSE
	EndGlobalSection
	GlobalSection(ExtensibilityGlobals) = postSolution
		SolutionGuid = {4EBFEA53-95E0-4A4A-90DB-7CD8C032662F}
	EndGlobalSection
EndGlobal
